
Microsoft Visual Studio Solution File, Format Version 12.00
Project("{FAE04EC0-301F-11D3-BF4B-00C04F79EFBC}") = "Manifold", "Manifold\Manifold.csproj", "{9501857F-4858-4F03-BC51-16200165DBC1}"
EndProject
Project("{FAE04EC0-301F-11D3-BF4B-00C04F79EFBC}") = "Sandbox", "Sandbox\Sandbox.csproj", "{1348C81D-76C8-46FC-AE7C-DD8DA9835C09}"
EndProject
Global
	GlobalSection(SolutionConfigurationPlatforms) = preSolution
		Debug|Any CPU = Debug|Any CPU
		Release|Any CPU = Release|Any CPU
	EndGlobalSection
	GlobalSection(ProjectConfigurationPlatforms) = postSolution
		{9501857F-4858-4F03-BC51-16200165DBC1}.Debug|Any CPU.ActiveCfg = Debug|Any CPU
		{9501857F-4858-4F03-BC51-16200165DBC1}.Debug|Any CPU.Build.0 = Debug|Any CPU
		{9501857F-4858-4F03-BC51-16200165DBC1}.Release|Any CPU.ActiveCfg = Release|Any CPU
		{9501857F-4858-4F03-BC51-16200165DBC1}.Release|Any CPU.Build.0 = Release|Any CPU
		{1348C81D-76C8-46FC-AE7C-DD8DA9835C09}.Debug|Any CPU.ActiveCfg = Debug|Any CPU
		{1348C81D-76C8-46FC-AE7C-DD8DA9835C09}.Debug|Any CPU.Build.0 = Debug|Any CPU
		{1348C81D-76C8-46FC-AE7C-DD8DA9835C09}.Release|Any CPU.ActiveCfg = Release|Any CPU
		{1348C81D-76C8-46FC-AE7C-DD8DA9835C09}.Release|Any CPU.Build.0 = Release|Any CPU
	EndGlobalSection
EndGlobal
